
Microsoft Visual Studio Solution File, Format Version 12.00
# Visual Studio Version 17
VisualStudioVersion = 17.5.002.0
MinimumVisualStudioVersion = 10.0.40219.1
Project("{2150E333-8FDC-42A3-9474-1A3956D46DE8}") = "sandbox", "sandbox", "{1A6AFE88-4268-4A09-8676-0CB17CC06B8D}"
EndProject
Project("{9A19103F-16F7-4668-BE54-9A1E7A4F7556}") = "sandbox_project", "sandbox\sandbox_project\sandbox_project.csproj", "{514E9E14-1D2A-4817-9F44-3816C1EFAE85}"
EndProject
Project("{2150E333-8FDC-42A3-9474-1A3956D46DE8}") = "week01", "week01", "{BFBAFFC7-BD26-4DDC-AF79-2D4DECFDAFF9}"
EndProject
Project("{9A19103F-16F7-4668-BE54-9A1E7A4F7556}") = "analyze", "week01\analyze\analyze.csproj", "{F0F3B08C-2132-406A-B368-F54A84091C98}"
EndProject
Project("{9A19103F-16F7-4668-BE54-9A1E7A4F7556}") = "code", "week01\code\code.csproj", "{3752217F-00AD-4B0C-8D49-F2B97120068E}"
EndProject
Project("{9A19103F-16F7-4668-BE54-9A1E7A4F7556}") = "teach", "week01\teach\teach.csproj", "{DA513BD1-8FD9-4A7C-8771-8F79B1183090}"
EndProject
Project("{2150E333-8FDC-42A3-9474-1A3956D46DE8}") = "week02", "week02", "{168E6971-8C40-43ED-8ED0-114DEAEB5EC6}"
EndProject
Project("{9A19103F-16F7-4668-BE54-9A1E7A4F7556}") = "analyze", "week02\analyze\analyze.csproj", "{6C5AC7BA-A8E0-4997-AA03-7FEA248462CA}"
EndProject
Project("{9A19103F-16F7-4668-BE54-9A1E7A4F7556}") = "code", "week02\code\code.csproj", "{96A27789-31EB-4CAA-A79D-995FF4CD002F}"
EndProject
Project("{9A19103F-16F7-4668-BE54-9A1E7A4F7556}") = "learn", "week02\learn\learn.csproj", "{40C5DEC3-4794-4772-B81D-3AEAEF511A92}"
EndProject
Project("{9A19103F-16F7-4668-BE54-9A1E7A4F7556}") = "teach", "week02\teach\teach.csproj", "{5E57AD01-4B9E-490B-94AF-CBE3D5252C3D}"
EndProject
Project("{2150E333-8FDC-42A3-9474-1A3956D46DE8}") = "week03", "week03", "{3F0E726F-E6DC-45F6-AA2F-72B3C0C3DDD6}"
EndProject
Project("{9A19103F-16F7-4668-BE54-9A1E7A4F7556}") = "code", "week03\code\code.csproj", "{07BAE1EA-1599-4736-A202-7B82B00BC310}"
EndProject
Project("{9A19103F-16F7-4668-BE54-9A1E7A4F7556}") = "learn", "week03\learn\learn.csproj", "{A47BC2E7-395C-4D26-AA78-5A1F3DB2A6A9}"
EndProject
Project("{9A19103F-16F7-4668-BE54-9A1E7A4F7556}") = "teach", "week03\teach\teach.csproj", "{1CA501D5-62BA-48A1-B72A-BA11EFE01C59}"
EndProject
Project("{2150E333-8FDC-42A3-9474-1A3956D46DE8}") = "week04", "week04", "{BBDF8399-3776-4E4F-BC07-828167CE50D7}"
EndProject
Project("{9A19103F-16F7-4668-BE54-9A1E7A4F7556}") = "code", "week04\code\code.csproj", "{013D9103-C037-4036-9B18-B6823098C621}"
EndProject
Project("{2150E333-8FDC-42A3-9474-1A3956D46DE8}") = "week05", "week05", "{8E5D5C75-421F-4AF4-BCA1-B0AFBB423C41}"
EndProject
Project("{9A19103F-16F7-4668-BE54-9A1E7A4F7556}") = "code", "week05\code\code.csproj", "{52487F7A-E221-43DF-B98D-965567E27EAE}"
EndProject
Project("{2150E333-8FDC-42A3-9474-1A3956D46DE8}") = "week06", "week06", "{9D4AB487-0528-49B3-B635-5E26D94E17A3}"
EndProject
Project("{9A19103F-16F7-4668-BE54-9A1E7A4F7556}") = "code", "week06\code\code.csproj", "{091C5468-262D-4A36-AAE4-D58F031DB63D}"
EndProject
Global
	GlobalSection(SolutionConfigurationPlatforms) = preSolution
		Debug|Any CPU = Debug|Any CPU
		Release|Any CPU = Release|Any CPU
	EndGlobalSection
	GlobalSection(ProjectConfigurationPlatforms) = postSolution
		{514E9E14-1D2A-4817-9F44-3816C1EFAE85}.Debug|Any CPU.ActiveCfg = Debug|Any CPU
		{514E9E14-1D2A-4817-9F44-3816C1EFAE85}.Debug|Any CPU.Build.0 = Debug|Any CPU
		{514E9E14-1D2A-4817-9F44-3816C1EFAE85}.Release|Any CPU.ActiveCfg = Release|Any CPU
		{514E9E14-1D2A-4817-9F44-3816C1EFAE85}.Release|Any CPU.Build.0 = Release|Any CPU
		{F0F3B08C-2132-406A-B368-F54A84091C98}.Debug|Any CPU.ActiveCfg = Debug|Any CPU
		{F0F3B08C-2132-406A-B368-F54A84091C98}.Debug|Any CPU.Build.0 = Debug|Any CPU
		{F0F3B08C-2132-406A-B368-F54A84091C98}.Release|Any CPU.ActiveCfg = Release|Any CPU
		{F0F3B08C-2132-406A-B368-F54A84091C98}.Release|Any CPU.Build.0 = Release|Any CPU
		{3752217F-00AD-4B0C-8D49-F2B97120068E}.Debug|Any CPU.ActiveCfg = Debug|Any CPU
		{3752217F-00AD-4B0C-8D49-F2B97120068E}.Debug|Any CPU.Build.0 = Debug|Any CPU
		{3752217F-00AD-4B0C-8D49-F2B97120068E}.Release|Any CPU.ActiveCfg = Release|Any CPU
		{3752217F-00AD-4B0C-8D49-F2B97120068E}.Release|Any CPU.Build.0 = Release|Any CPU
		{DA513BD1-8FD9-4A7C-8771-8F79B1183090}.Debug|Any CPU.ActiveCfg = Debug|Any CPU
		{DA513BD1-8FD9-4A7C-8771-8F79B1183090}.Debug|Any CPU.Build.0 = Debug|Any CPU
		{DA513BD1-8FD9-4A7C-8771-8F79B1183090}.Release|Any CPU.ActiveCfg = Release|Any CPU
		{DA513BD1-8FD9-4A7C-8771-8F79B1183090}.Release|Any CPU.Build.0 = Release|Any CPU
		{6C5AC7BA-A8E0-4997-AA03-7FEA248462CA}.Debug|Any CPU.ActiveCfg = Debug|Any CPU
		{6C5AC7BA-A8E0-4997-AA03-7FEA248462CA}.Debug|Any CPU.Build.0 = Debug|Any CPU
		{6C5AC7BA-A8E0-4997-AA03-7FEA248462CA}.Release|Any CPU.ActiveCfg = Release|Any CPU
		{6C5AC7BA-A8E0-4997-AA03-7FEA248462CA}.Release|Any CPU.Build.0 = Release|Any CPU
		{96A27789-31EB-4CAA-A79D-995FF4CD002F}.Debug|Any CPU.ActiveCfg = Debug|Any CPU
		{96A27789-31EB-4CAA-A79D-995FF4CD002F}.Debug|Any CPU.Build.0 = Debug|Any CPU
		{96A27789-31EB-4CAA-A79D-995FF4CD002F}.Release|Any CPU.ActiveCfg = Release|Any CPU
		{96A27789-31EB-4CAA-A79D-995FF4CD002F}.Release|Any CPU.Build.0 = Release|Any CPU
		{40C5DEC3-4794-4772-B81D-3AEAEF511A92}.Debug|Any CPU.ActiveCfg = Debug|Any CPU
		{40C5DEC3-4794-4772-B81D-3AEAEF511A92}.Debug|Any CPU.Build.0 = Debug|Any CPU
		{40C5DEC3-4794-4772-B81D-3AEAEF511A92}.Release|Any CPU.ActiveCfg = Release|Any CPU
		{40C5DEC3-4794-4772-B81D-3AEAEF511A92}.Release|Any CPU.Build.0 = Release|Any CPU
		{5E57AD01-4B9E-490B-94AF-CBE3D5252C3D}.Debug|Any CPU.ActiveCfg = Debug|Any CPU
		{5E57AD01-4B9E-490B-94AF-CBE3D5252C3D}.Debug|Any CPU.Build.0 = Debug|Any CPU
		{5E57AD01-4B9E-490B-94AF-CBE3D5252C3D}.Release|Any CPU.ActiveCfg = Release|Any CPU
		{5E57AD01-4B9E-490B-94AF-CBE3D5252C3D}.Release|Any CPU.Build.0 = Release|Any CPU
		{07BAE1EA-1599-4736-A202-7B82B00BC310}.Debug|Any CPU.ActiveCfg = Debug|Any CPU
		{07BAE1EA-1599-4736-A202-7B82B00BC310}.Debug|Any CPU.Build.0 = Debug|Any CPU
		{07BAE1EA-1599-4736-A202-7B82B00BC310}.Release|Any CPU.ActiveCfg = Release|Any CPU
		{07BAE1EA-1599-4736-A202-7B82B00BC310}.Release|Any CPU.Build.0 = Release|Any CPU
		{A47BC2E7-395C-4D26-AA78-5A1F3DB2A6A9}.Debug|Any CPU.ActiveCfg = Debug|Any CPU
		{A47BC2E7-395C-4D26-AA78-5A1F3DB2A6A9}.Debug|Any CPU.Build.0 = Debug|Any CPU
		{A47BC2E7-395C-4D26-AA78-5A1F3DB2A6A9}.Release|Any CPU.ActiveCfg = Release|Any CPU
		{A47BC2E7-395C-4D26-AA78-5A1F3DB2A6A9}.Release|Any CPU.Build.0 = Release|Any CPU
		{1CA501D5-62BA-48A1-B72A-BA11EFE01C59}.Debug|Any CPU.ActiveCfg = Debug|Any CPU
		{1CA501D5-62BA-48A1-B72A-BA11EFE01C59}.Debug|Any CPU.Build.0 = Debug|Any CPU
		{1CA501D5-62BA-48A1-B72A-BA11EFE01C59}.Release|Any CPU.ActiveCfg = Release|Any CPU
		{1CA501D5-62BA-48A1-B72A-BA11EFE01C59}.Release|Any CPU.Build.0 = Release|Any CPU
		{013D9103-C037-4036-9B18-B6823098C621}.Debug|Any CPU.ActiveCfg = Debug|Any CPU
		{013D9103-C037-4036-9B18-B6823098C621}.Debug|Any CPU.Build.0 = Debug|Any CPU
		{013D9103-C037-4036-9B18-B6823098C621}.Release|Any CPU.ActiveCfg = Release|Any CPU
		{013D9103-C037-4036-9B18-B6823098C621}.Release|Any CPU.Build.0 = Release|Any CPU
		{52487F7A-E221-43DF-B98D-965567E27EAE}.Debug|Any CPU.ActiveCfg = Debug|Any CPU
		{52487F7A-E221-43DF-B98D-965567E27EAE}.Debug|Any CPU.Build.0 = Debug|Any CPU
		{52487F7A-E221-43DF-B98D-965567E27EAE}.Release|Any CPU.ActiveCfg = Release|Any CPU
		{52487F7A-E221-43DF-B98D-965567E27EAE}.Release|Any CPU.Build.0 = Release|Any CPU
		{091C5468-262D-4A36-AAE4-D58F031DB63D}.Debug|Any CPU.ActiveCfg = Debug|Any CPU
		{091C5468-262D-4A36-AAE4-D58F031DB63D}.Debug|Any CPU.Build.0 = Debug|Any CPU
		{091C5468-262D-4A36-AAE4-D58F031DB63D}.Release|Any CPU.ActiveCfg = Release|Any CPU
		{091C5468-262D-4A36-AAE4-D58F031DB63D}.Release|Any CPU.Build.0 = Release|Any CPU
	EndGlobalSection
	GlobalSection(SolutionProperties) = preSolution
		HideSolutionNode = FALSE
	EndGlobalSection
	GlobalSection(NestedProjects) = preSolution
		{514E9E14-1D2A-4817-9F44-3816C1EFAE85} = {1A6AFE88-4268-4A09-8676-0CB17CC06B8D}
		{F0F3B08C-2132-406A-B368-F54A84091C98} = {BFBAFFC7-BD26-4DDC-AF79-2D4DECFDAFF9}
		{3752217F-00AD-4B0C-8D49-F2B97120068E} = {BFBAFFC7-BD26-4DDC-AF79-2D4DECFDAFF9}
		{DA513BD1-8FD9-4A7C-8771-8F79B1183090} = {BFBAFFC7-BD26-4DDC-AF79-2D4DECFDAFF9}
		{6C5AC7BA-A8E0-4997-AA03-7FEA248462CA} = {168E6971-8C40-43ED-8ED0-114DEAEB5EC6}
		{96A27789-31EB-4CAA-A79D-995FF4CD002F} = {168E6971-8C40-43ED-8ED0-114DEAEB5EC6}
		{40C5DEC3-4794-4772-B81D-3AEAEF511A92} = {168E6971-8C40-43ED-8ED0-114DEAEB5EC6}
		{5E57AD01-4B9E-490B-94AF-CBE3D5252C3D} = {168E6971-8C40-43ED-8ED0-114DEAEB5EC6}
		{07BAE1EA-1599-4736-A202-7B82B00BC310} = {3F0E726F-E6DC-45F6-AA2F-72B3C0C3DDD6}
		{A47BC2E7-395C-4D26-AA78-5A1F3DB2A6A9} = {3F0E726F-E6DC-45F6-AA2F-72B3C0C3DDD6}
		{1CA501D5-62BA-48A1-B72A-BA11EFE01C59} = {3F0E726F-E6DC-45F6-AA2F-72B3C0C3DDD6}
		{013D9103-C037-4036-9B18-B6823098C621} = {BBDF8399-3776-4E4F-BC07-828167CE50D7}
		{52487F7A-E221-43DF-B98D-965567E27EAE} = {8E5D5C75-421F-4AF4-BCA1-B0AFBB423C41}
		{091C5468-262D-4A36-AAE4-D58F031DB63D} = {9D4AB487-0528-49B3-B635-5E26D94E17A3}
	EndGlobalSection
	GlobalSection(ExtensibilityGlobals) = postSolution
		SolutionGuid = {1686E2DF-258B-4AAA-A2EA-8D8B1D9C8FF9}
	EndGlobalSection
EndGlobal
